
Microsoft Visual Studio Solution File, Format Version 12.00
# Visual Studio 15
VisualStudioVersion = 15.0.26430.13
MinimumVisualStudioVersion = 10.0.40219.1
Project("{2150E333-8FDC-42A3-9474-1A3956D46DE8}") = "Solution Items", "Solution Items", "{73758F1D-64CB-428D-BFA7-7D355648DE04}"
EndProject
Project("{9A19103F-16F7-4668-BE54-9A1E7A4F7556}") = "SiamCoreSite", "SiamCoreSite\SiamCoreSite.csproj", "{C95E1712-6061-4F2F-A7C2-290BDA213093}"
EndProject
Project("{9A19103F-16F7-4668-BE54-9A1E7A4F7556}") = "CoreHelpers", "CoreHelpers\CoreHelpers.csproj", "{F9BC81AE-4AAF-4B9C-809C-11F58C5BE896}"
EndProject
Project("{9A19103F-16F7-4668-BE54-9A1E7A4F7556}") = "SiamCoreRepository", "SiamCoreRepository\SiamCoreRepository.csproj", "{092D487B-4573-4415-B74E-D90CA8A5A6D8}"
EndProject
Project("{9A19103F-16F7-4668-BE54-9A1E7A4F7556}") = "SiamCoreServices", "SiamCoreServices\SiamCoreServices.csproj", "{A6B15560-861E-4372-8333-E89A87F8F1F3}"
EndProject
Project("{9A19103F-16F7-4668-BE54-9A1E7A4F7556}") = "CorePlugin", "CorePlugin\CorePlugin.csproj", "{F354261B-502B-4C91-AF06-314CB262CFBC}"
EndProject
Global
	GlobalSection(SolutionConfigurationPlatforms) = preSolution
		Debug|Any CPU = Debug|Any CPU
		Release|Any CPU = Release|Any CPU
	EndGlobalSection
	GlobalSection(ProjectConfigurationPlatforms) = postSolution
		{C95E1712-6061-4F2F-A7C2-290BDA213093}.Debug|Any CPU.ActiveCfg = Debug|Any CPU
		{C95E1712-6061-4F2F-A7C2-290BDA213093}.Debug|Any CPU.Build.0 = Debug|Any CPU
		{C95E1712-6061-4F2F-A7C2-290BDA213093}.Release|Any CPU.ActiveCfg = Release|Any CPU
		{C95E1712-6061-4F2F-A7C2-290BDA213093}.Release|Any CPU.Build.0 = Release|Any CPU
		{F9BC81AE-4AAF-4B9C-809C-11F58C5BE896}.Debug|Any CPU.ActiveCfg = Debug|Any CPU
		{F9BC81AE-4AAF-4B9C-809C-11F58C5BE896}.Debug|Any CPU.Build.0 = Debug|Any CPU
		{F9BC81AE-4AAF-4B9C-809C-11F58C5BE896}.Release|Any CPU.ActiveCfg = Release|Any CPU
		{F9BC81AE-4AAF-4B9C-809C-11F58C5BE896}.Release|Any CPU.Build.0 = Release|Any CPU
		{092D487B-4573-4415-B74E-D90CA8A5A6D8}.Debug|Any CPU.ActiveCfg = Debug|Any CPU
		{092D487B-4573-4415-B74E-D90CA8A5A6D8}.Debug|Any CPU.Build.0 = Debug|Any CPU
		{092D487B-4573-4415-B74E-D90CA8A5A6D8}.Release|Any CPU.ActiveCfg = Release|Any CPU
		{092D487B-4573-4415-B74E-D90CA8A5A6D8}.Release|Any CPU.Build.0 = Release|Any CPU
		{A6B15560-861E-4372-8333-E89A87F8F1F3}.Debug|Any CPU.ActiveCfg = Debug|Any CPU
		{A6B15560-861E-4372-8333-E89A87F8F1F3}.Debug|Any CPU.Build.0 = Debug|Any CPU
		{A6B15560-861E-4372-8333-E89A87F8F1F3}.Release|Any CPU.ActiveCfg = Release|Any CPU
		{A6B15560-861E-4372-8333-E89A87F8F1F3}.Release|Any CPU.Build.0 = Release|Any CPU
		{F354261B-502B-4C91-AF06-314CB262CFBC}.Debug|Any CPU.ActiveCfg = Debug|Any CPU
		{F354261B-502B-4C91-AF06-314CB262CFBC}.Debug|Any CPU.Build.0 = Debug|Any CPU
		{F354261B-502B-4C91-AF06-314CB262CFBC}.Release|Any CPU.ActiveCfg = Release|Any CPU
		{F354261B-502B-4C91-AF06-314CB262CFBC}.Release|Any CPU.Build.0 = Release|Any CPU
	EndGlobalSection
	GlobalSection(SolutionProperties) = preSolution
		HideSolutionNode = FALSE
	EndGlobalSection
EndGlobal
